{
    "_readme": [
        "This file locks the dependencies of your project to a known state",
        "Read more about it at https://getcomposer.org/doc/01-basic-usage.md#composer-lock-the-lock-file",
        "This file is @generated automatically"
    ],
    "content-hash": "95ee71d00f32c05c29b07e91e885e7c5",
    "packages": [
        {
            "name": "alterebro/instagram-feed",
            "version": "v0.1.4",
            "source": {
                "type": "git",
                "url": "https://github.com/alterebro/instagram-feed.git",
                "reference": "dd5afd640f993fb79f4921eee0265249a0caf02b"
            },
            "dist": {
                "type": "zip",
                "url": "https://api.github.com/repos/alterebro/instagram-feed/zipball/dd5afd640f993fb79f4921eee0265249a0caf02b",
                "reference": "dd5afd640f993fb79f4921eee0265249a0caf02b",
                "shasum": ""
            },
            "require": {
                "php": ">=5.5.3"
            },
            "type": "library",
            "autoload": {
                "psr-4": {
                    "Alterebro\\": "src/"
                }
            },
            "notification-url": "https://packagist.org/downloads/",
            "license": [
                "MIT"
            ],
            "authors": [
                {
                    "name": "Jorge Moreno",
                    "homepage": "https://moro.es"
                }
            ],
            "description": "Access the latest Instagram posts without using OAuth, Tokens or APIs",
            "homepage": "https://github.com/alterebro/instagram-feed",
            "keywords": [
                "feed",
                "hashtag",
                "instagram",
                "scraper"
            ],
            "time": "2020-11-22T20:51:41+00:00"
        }
    ],
    "packages-dev": [],
    "aliases": [],
    "minimum-stability": "stable",
    "stability-flags": [],
    "prefer-stable": false,
    "prefer-lowest": false,
    "platform": [],
    "platform-dev": []
}
